{
  "nodes": {
    "nixpkgs": {
      "locked": {
        "lastModified": 1776186156,
        "narHash": "sha256-v8wLxSxCdlFOG/S7MAO6WWDnlCrY4veChmVOfXk0ZCs=",
        "owner": "ddogfoodd",
        "repo": "nixpkgs",
        "rev": "bbbf018e74b80af4a4692a4b3fca8e91bb0ed7ee",
        "type": "github"
      },
      "original": {
        "owner": "ddogfoodd",
        "ref": "update-zig",
        "repo": "nixpkgs",
        "type": "github"
      }
    },
    "root": {
      "inputs": {
        "nixpkgs": "nixpkgs"
      }
    }
  },
  "root": "root",
  "version": 7
}
